// !$*UTF8*$!
{
	archiveVersion = 1;
	classes = {
	};
	objectVersion = 56;
	objects = {

/* Begin PBXBuildFile section */
		6F0049A92A0C9EF40056E289 /* MenuView.swift in Sources */ = {isa = PBXBuildFile; fileRef = 6F0049A82A0C9EF40056E289 /* MenuView.swift */; };
		6F0049AC2A0C9FDF0056E289 /* SecretView.swift in Sources */ = {isa = PBXBuildFile; fileRef = 6F0049AB2A0C9FDF0056E289 /* SecretView.swift */; };
		6F0049AE2A0C9FF00056E289 /* UserProfileView.swift in Sources */ = {isa = PBXBuildFile; fileRef = 6F0049AD2A0C9FF00056E289 /* UserProfileView.swift */; };
		6F0049B12A0CADE30056E289 /* UserSession.swift in Sources */ = {isa = PBXBuildFile; fileRef = 6F0049B02A0CADE30056E289 /* UserSession.swift */; };
		6F397CC72A06621E006E3583 /* RegistrationView.swift in Sources */ = {isa = PBXBuildFile; fileRef = 6F397CC62A06621E006E3583 /* RegistrationView.swift */; };
		6F6B938E29F9297400DFAA9B /* ChatInputView.swift in Sources */ = {isa = PBXBuildFile; fileRef = 6F6B938D29F9297400DFAA9B /* ChatInputView.swift */; };
		6F6B939029F929E100DFAA9B /* ContentView.swift in Sources */ = {isa = PBXBuildFile; fileRef = 6F6B938F29F929E100DFAA9B /* ContentView.swift */; };
		6F6B939229F92A6200DFAA9B /* AIChatAPI.swift in Sources */ = {isa = PBXBuildFile; fileRef = 6F6B939129F92A6200DFAA9B /* AIChatAPI.swift */; };
		6F6B939529F92C1C00DFAA9B /* Alamofire in Frameworks */ = {isa = PBXBuildFile; productRef = 6F6B939429F92C1C00DFAA9B /* Alamofire */; };
		6F6B939729F9D73500DFAA9B /* AIChatOption.swift in Sources */ = {isa = PBXBuildFile; fileRef = 6F6B939629F9D73500DFAA9B /* AIChatOption.swift */; };
		6F6B939929F9D77300DFAA9B /* AIChatOptionsData.swift in Sources */ = {isa = PBXBuildFile; fileRef = 6F6B939829F9D77300DFAA9B /* AIChatOptionsData.swift */; };
		6F6B939B29F9D78900DFAA9B /* AIChatOptionsView.swift in Sources */ = {isa = PBXBuildFile; fileRef = 6F6B939A29F9D78900DFAA9B /* AIChatOptionsView.swift */; };
		6F6B93A129FB38BD00DFAA9B /* ProfileHeaderView.swift in Sources */ = {isa = PBXBuildFile; fileRef = 6F6B93A029FB38BD00DFAA9B /* ProfileHeaderView.swift */; };
		6FFD5C7B29F9275900BD1567 /* AIChatAppApp.swift in Sources */ = {isa = PBXBuildFile; fileRef = 6FFD5C7A29F9275900BD1567 /* AIChatAppApp.swift */; };
		6FFD5C7F29F9275C00BD1567 /* Assets.xcassets in Resources */ = {isa = PBXBuildFile; fileRef = 6FFD5C7E29F9275C00BD1567 /* Assets.xcassets */; };
		6FFD5C8229F9275C00BD1567 /* Preview Assets.xcassets in Resources */ = {isa = PBXBuildFile; fileRef = 6FFD5C8129F9275C00BD1567 /* Preview Assets.xcassets */; };
		6FFD5C8929F9277600BD1567 /* ChatMessage.swift in Sources */ = {isa = PBXBuildFile; fileRef = 6FFD5C8829F9277600BD1567 /* ChatMessage.swift */; };
		6FFD5C8F29F9291F00BD1567 /* ChatView.swift in Sources */ = {isa = PBXBuildFile; fileRef = 6FFD5C8E29F9291F00BD1567 /* ChatView.swift */; };
/* End PBXBuildFile section */

/* Begin PBXFileReference section */
		6F0049A82A0C9EF40056E289 /* MenuView.swift */ = {isa = PBXFileReference; lastKnownFileType = sourcecode.swift; path = MenuView.swift; sourceTree = "<group>"; };
		6F0049AB2A0C9FDF0056E289 /* SecretView.swift */ = {isa = PBXFileReference; lastKnownFileType = sourcecode.swift; path = SecretView.swift; sourceTree = "<group>"; };
		6F0049AD2A0C9FF00056E289 /* UserProfileView.swift */ = {isa = PBXFileReference; lastKnownFileType = sourcecode.swift; path = UserProfileView.swift; sourceTree = "<group>"; };
		6F0049B02A0CADE30056E289 /* UserSession.swift */ = {isa = PBXFileReference; lastKnownFileType = sourcecode.swift; path = UserSession.swift; sourceTree = "<group>"; };
		6F397CC62A06621E006E3583 /* RegistrationView.swift */ = {isa = PBXFileReference; lastKnownFileType = sourcecode.swift; path = RegistrationView.swift; sourceTree = "<group>"; };
		6F6B938D29F9297400DFAA9B /* ChatInputView.swift */ = {isa = PBXFileReference; lastKnownFileType = sourcecode.swift; path = ChatInputView.swift; sourceTree = "<group>"; };
		6F6B938F29F929E100DFAA9B /* ContentView.swift */ = {isa = PBXFileReference; lastKnownFileType = sourcecode.swift; path = ContentView.swift; sourceTree = "<group>"; };
		6F6B939129F92A6200DFAA9B /* AIChatAPI.swift */ = {isa = PBXFileReference; indentWidth = 3; lastKnownFileType = sourcecode.swift; path = AIChatAPI.swift; sourceTree = "<group>"; };
		6F6B939629F9D73500DFAA9B /* AIChatOption.swift */ = {isa = PBXFileReference; lastKnownFileType = sourcecode.swift; path = AIChatOption.swift; sourceTree = "<group>"; };
		6F6B939829F9D77300DFAA9B /* AIChatOptionsData.swift */ = {isa = PBXFileReference; lastKnownFileType = sourcecode.swift; path = AIChatOptionsData.swift; sourceTree = "<group>"; };
		6F6B939A29F9D78900DFAA9B /* AIChatOptionsView.swift */ = {isa = PBXFileReference; lastKnownFileType = sourcecode.swift; path = AIChatOptionsView.swift; sourceTree = "<group>"; };
		6F6B93A029FB38BD00DFAA9B /* ProfileHeaderView.swift */ = {isa = PBXFileReference; lastKnownFileType = sourcecode.swift; path = ProfileHeaderView.swift; sourceTree = "<group>"; };
		6FFD5C7729F9275900BD1567 /* AIChatApp.app */ = {isa = PBXFileReference; explicitFileType = wrapper.application; includeInIndex = 0; path = AIChatApp.app; sourceTree = BUILT_PRODUCTS_DIR; };
		6FFD5C7A29F9275900BD1567 /* AIChatAppApp.swift */ = {isa = PBXFileReference; lastKnownFileType = sourcecode.swift; path = AIChatAppApp.swift; sourceTree = "<group>"; };
		6FFD5C7E29F9275C00BD1567 /* Assets.xcassets */ = {isa = PBXFileReference; lastKnownFileType = folder.assetcatalog; path = Assets.xcassets; sourceTree = "<group>"; };
		6FFD5C8129F9275C00BD1567 /* Preview Assets.xcassets */ = {isa = PBXFileReference; lastKnownFileType = folder.assetcatalog; path = "Preview Assets.xcassets"; sourceTree = "<group>"; };
		6FFD5C8829F9277600BD1567 /* ChatMessage.swift */ = {isa = PBXFileReference; lastKnownFileType = sourcecode.swift; path = ChatMessage.swift; sourceTree = "<group>"; };
		6FFD5C8E29F9291F00BD1567 /* ChatView.swift */ = {isa = PBXFileReference; lastKnownFileType = sourcecode.swift; path = ChatView.swift; sourceTree = "<group>"; };
/* End PBXFileReference section */

/* Begin PBXFrameworksBuildPhase section */
		6FFD5C7429F9275900BD1567 /* Frameworks */ = {
			isa = PBXFrameworksBuildPhase;
			buildActionMask = 2147483647;
			files = (
				6F6B939529F92C1C00DFAA9B /* Alamofire in Frameworks */,
			);
			runOnlyForDeploymentPostprocessing = 0;
		};
/* End PBXFrameworksBuildPhase section */

/* Begin PBXGroup section */
		6F0049AA2A0C9F4C0056E289 /* Menus */ = {
			isa = PBXGroup;
			children = (
				6F0049A82A0C9EF40056E289 /* MenuView.swift */,
				6F0049AB2A0C9FDF0056E289 /* SecretView.swift */,
				6F0049AD2A0C9FF00056E289 /* UserProfileView.swift */,
			);
			path = Menus;
			sourceTree = "<group>";
		};
		6F0049AF2A0CADDA0056E289 /* Models */ = {
			isa = PBXGroup;
			children = (
				6F0049B02A0CADE30056E289 /* UserSession.swift */,
			);
			path = Models;
			sourceTree = "<group>";
		};
		6FFD5C6E29F9275900BD1567 = {
			isa = PBXGroup;
			children = (
				6FFD5C7929F9275900BD1567 /* AIChatApp */,
				6FFD5C7829F9275900BD1567 /* Products */,
			);
			sourceTree = "<group>";
		};
		6FFD5C7829F9275900BD1567 /* Products */ = {
			isa = PBXGroup;
			children = (
				6FFD5C7729F9275900BD1567 /* AIChatApp.app */,
			);
			name = Products;
			sourceTree = "<group>";
		};
		6FFD5C7929F9275900BD1567 /* AIChatApp */ = {
			isa = PBXGroup;
			children = (
				6F0049AF2A0CADDA0056E289 /* Models */,
				6F0049AA2A0C9F4C0056E289 /* Menus */,
				6FFD5C7A29F9275900BD1567 /* AIChatAppApp.swift */,
				6FFD5C7E29F9275C00BD1567 /* Assets.xcassets */,
				6FFD5C8029F9275C00BD1567 /* Preview Content */,
				6FFD5C8829F9277600BD1567 /* ChatMessage.swift */,
				6FFD5C8E29F9291F00BD1567 /* ChatView.swift */,
				6F6B938D29F9297400DFAA9B /* ChatInputView.swift */,
				6F6B938F29F929E100DFAA9B /* ContentView.swift */,
				6F6B939129F92A6200DFAA9B /* AIChatAPI.swift */,
				6F6B939629F9D73500DFAA9B /* AIChatOption.swift */,
				6F6B939829F9D77300DFAA9B /* AIChatOptionsData.swift */,
				6F6B939A29F9D78900DFAA9B /* AIChatOptionsView.swift */,
				6F6B93A029FB38BD00DFAA9B /* ProfileHeaderView.swift */,
				6F397CC62A06621E006E3583 /* RegistrationView.swift */,
			);
			path = AIChatApp;
			sourceTree = "<group>";
		};
		6FFD5C8029F9275C00BD1567 /* Preview Content */ = {
			isa = PBXGroup;
			children = (
				6FFD5C8129F9275C00BD1567 /* Preview Assets.xcassets */,
			);
			path = "Preview Content";
			sourceTree = "<group>";
		};
/* End PBXGroup section */

/* Begin PBXNativeTarget section */
		6FFD5C7629F9275900BD1567 /* AIChatApp */ = {
			isa = PBXNativeTarget;
			buildConfigurationList = 6FFD5C8529F9275C00BD1567 /* Build configuration list for PBXNativeTarget "AIChatApp" */;
			buildPhases = (
				6FFD5C7329F9275900BD1567 /* Sources */,
				6FFD5C7429F9275900BD1567 /* Frameworks */,
				6FFD5C7529F9275900BD1567 /* Resources */,
			);
			buildRules = (
			);
			dependencies = (
			);
			name = AIChatApp;
			packageProductDependencies = (
				6F6B939429F92C1C00DFAA9B /* Alamofire */,
			);
			productName = AIChatApp;
			productReference = 6FFD5C7729F9275900BD1567 /* AIChatApp.app */;
			productType = "com.apple.product-type.application";
		};
/* End PBXNativeTarget section */

/* Begin PBXProject section */
		6FFD5C6F29F9275900BD1567 /* Project object */ = {
			isa = PBXProject;
			attributes = {
				BuildIndependentTargetsInParallel = 1;
				LastSwiftUpdateCheck = 1430;
				LastUpgradeCheck = 1430;
				TargetAttributes = {
					6FFD5C7629F9275900BD1567 = {
						CreatedOnToolsVersion = 14.3;
					};
				};
			};
			buildConfigurationList = 6FFD5C7229F9275900BD1567 /* Build configuration list for PBXProject "AIChatApp" */;
			compatibilityVersion = "Xcode 14.0";
			developmentRegion = en;
			hasScannedForEncodings = 0;
			knownRegions = (
				en,
				Base,
			);
			mainGroup = 6FFD5C6E29F9275900BD1567;
			packageReferences = (
				6F6B939329F92C1C00DFAA9B /* XCRemoteSwiftPackageReference "Alamofire" */,
			);
			productRefGroup = 6FFD5C7829F9275900BD1567 /* Products */;
			projectDirPath = "";
			projectRoot = "";
			targets = (
				6FFD5C7629F9275900BD1567 /* AIChatApp */,
			);
		};
/* End PBXProject section */

/* Begin PBXResourcesBuildPhase section */
		6FFD5C7529F9275900BD1567 /* Resources */ = {
			isa = PBXResourcesBuildPhase;
			buildActionMask = 2147483647;
			files = (
				6FFD5C8229F9275C00BD1567 /* Preview Assets.xcassets in Resources */,
				6FFD5C7F29F9275C00BD1567 /* Assets.xcassets in Resources */,
			);
			runOnlyForDeploymentPostprocessing = 0;
		};
/* End PBXResourcesBuildPhase section */

/* Begin PBXSourcesBuildPhase section */
		6FFD5C7329F9275900BD1567 /* Sources */ = {
			isa = PBXSourcesBuildPhase;
			buildActionMask = 2147483647;
			files = (
				6F397CC72A06621E006E3583 /* RegistrationView.swift in Sources */,
				6F0049A92A0C9EF40056E289 /* MenuView.swift in Sources */,
				6F6B939229F92A6200DFAA9B /* AIChatAPI.swift in Sources */,
				6F0049AC2A0C9FDF0056E289 /* SecretView.swift in Sources */,
				6FFD5C8F29F9291F00BD1567 /* ChatView.swift in Sources */,
				6F6B93A129FB38BD00DFAA9B /* ProfileHeaderView.swift in Sources */,
				6F0049B12A0CADE30056E289 /* UserSession.swift in Sources */,
				6F6B939929F9D77300DFAA9B /* AIChatOptionsData.swift in Sources */,
				6F0049AE2A0C9FF00056E289 /* UserProfileView.swift in Sources */,
				6F6B939729F9D73500DFAA9B /* AIChatOption.swift in Sources */,
				6F6B939029F929E100DFAA9B /* ContentView.swift in Sources */,
				6F6B938E29F9297400DFAA9B /* ChatInputView.swift in Sources */,
				6F6B939B29F9D78900DFAA9B /* AIChatOptionsView.swift in Sources */,
				6FFD5C8929F9277600BD1567 /* ChatMessage.swift in Sources */,
				6FFD5C7B29F9275900BD1567 /* AIChatAppApp.swift in Sources */,
			);
			runOnlyForDeploymentPostprocessing = 0;
		};
/* End PBXSourcesBuildPhase section */

/* Begin XCBuildConfiguration section */
		6FFD5C8329F9275C00BD1567 /* Debug */ = {
			isa = XCBuildConfiguration;
			buildSettings = {
				ALWAYS_SEARCH_USER_PATHS = NO;
				CLANG_ANALYZER_NONNULL = YES;
				CLANG_ANALYZER_NUMBER_OBJECT_CONVERSION = YES_AGGRESSIVE;
				CLANG_CXX_LANGUAGE_STANDARD = "gnu++20";
				CLANG_ENABLE_MODULES = YES;
				CLANG_ENABLE_OBJC_ARC = YES;
				CLANG_ENABLE_OBJC_WEAK = YES;
				CLANG_WARN_BLOCK_CAPTURE_AUTORELEASING = YES;
				CLANG_WARN_BOOL_CONVERSION = YES;
				CLANG_WARN_COMMA = YES;
				CLANG_WARN_CONSTANT_CONVERSION = YES;
				CLANG_WARN_DEPRECATED_OBJC_IMPLEMENTATIONS = YES;
				CLANG_WARN_DIRECT_OBJC_ISA_USAGE = YES_ERROR;
				CLANG_WARN_DOCUMENTATION_COMMENTS = YES;
				CLANG_WARN_EMPTY_BODY = YES;
				CLANG_WARN_ENUM_CONVERSION = YES;
				CLANG_WARN_INFINITE_RECURSION = YES;
				CLANG_WARN_INT_CONVERSION = YES;
				CLANG_WARN_NON_LITERAL_NULL_CONVERSION = YES;
				CLANG_WARN_OBJC_IMPLICIT_RETAIN_SELF = YES;
				CLANG_WARN_OBJC_LITERAL_CONVERSION = YES;
				CLANG_WARN_OBJC_ROOT_CLASS = YES_ERROR;
				CLANG_WARN_QUOTED_INCLUDE_IN_FRAMEWORK_HEADER = YES;
				CLANG_WARN_RANGE_LOOP_ANALYSIS = YES;
				CLANG_WARN_STRICT_PROTOTYPES = YES;
				CLANG_WARN_SUSPICIOUS_MOVE = YES;
				CLANG_WARN_UNGUARDED_AVAILABILITY = YES_AGGRESSIVE;
				CLANG_WARN_UNREACHABLE_CODE = YES;
				CLANG_WARN__DUPLICATE_METHOD_MATCH = YES;
				COPY_PHASE_STRIP = NO;
				DEBUG_INFORMATION_FORMAT = dwarf;
				ENABLE_STRICT_OBJC_MSGSEND = YES;
				ENABLE_TESTABILITY = YES;
				GCC_C_LANGUAGE_STANDARD = gnu11;
				GCC_DYNAMIC_NO_PIC = NO;
				GCC_NO_COMMON_BLOCKS = YES;
				GCC_OPTIMIZATION_LEVEL = 0;
				GCC_PREPROCESSOR_DEFINITIONS = (
					"DEBUG=1",
					"$(inherited)",
				);
				GCC_WARN_64_TO_32_BIT_CONVERSION = YES;
				GCC_WARN_ABOUT_RETURN_TYPE = YES_ERROR;
				GCC_WARN_UNDECLARED_SELECTOR = YES;
				GCC_WARN_UNINITIALIZED_AUTOS = YES_AGGRESSIVE;
				GCC_WARN_UNUSED_FUNCTION = YES;
				GCC_WARN_UNUSED_VARIABLE = YES;
				IPHONEOS_DEPLOYMENT_TARGET = 16.4;
				MTL_ENABLE_DEBUG_INFO = INCLUDE_SOURCE;
				MTL_FAST_MATH = YES;
				ONLY_ACTIVE_ARCH = YES;
				SDKROOT = iphoneos;
				SWIFT_ACTIVE_COMPILATION_CONDITIONS = DEBUG;
				SWIFT_OPTIMIZATION_LEVEL = "-Onone";
			};
			name = Debug;
		};
		6FFD5C8429F9275C00BD1567 /* Release */ = {
			isa = XCBuildConfiguration;
			buildSettings = {
				ALWAYS_SEARCH_USER_PATHS = NO;
				CLANG_ANALYZER_NONNULL = YES;
				CLANG_ANALYZER_NUMBER_OBJECT_CONVERSION = YES_AGGRESSIVE;
				CLANG_CXX_LANGUAGE_STANDARD = "gnu++20";
				CLANG_ENABLE_MODULES = YES;
				CLANG_ENABLE_OBJC_ARC = YES;
				CLANG_ENABLE_OBJC_WEAK = YES;
				CLANG_WARN_BLOCK_CAPTURE_AUTORELEASING = YES;
				CLANG_WARN_BOOL_CONVERSION = YES;
				CLANG_WARN_COMMA = YES;
				CLANG_WARN_CONSTANT_CONVERSION = YES;
				CLANG_WARN_DEPRECATED_OBJC_IMPLEMENTATIONS = YES;
				CLANG_WARN_DIRECT_OBJC_ISA_USAGE = YES_ERROR;
				CLANG_WARN_DOCUMENTATION_COMMENTS = YES;
				CLANG_WARN_EMPTY_BODY = YES;
				CLANG_WARN_ENUM_CONVERSION = YES;
				CLANG_WARN_INFINITE_RECURSION = YES;
				CLANG_WARN_INT_CONVERSION = YES;
				CLANG_WARN_NON_LITERAL_NULL_CONVERSION = YES;
				CLANG_WARN_OBJC_IMPLICIT_RETAIN_SELF = YES;
				CLANG_WARN_OBJC_LITERAL_CONVERSION = YES;
				CLANG_WARN_OBJC_ROOT_CLASS = YES_ERROR;
				CLANG_WARN_QUOTED_INCLUDE_IN_FRAMEWORK_HEADER = YES;
				CLANG_WARN_RANGE_LOOP_ANALYSIS = YES;
				CLANG_WARN_STRICT_PROTOTYPES = YES;
				CLANG_WARN_SUSPICIOUS_MOVE = YES;
				CLANG_WARN_UNGUARDED_AVAILABILITY = YES_AGGRESSIVE;
				CLANG_WARN_UNREACHABLE_CODE = YES;
				CLANG_WARN__DUPLICATE_METHOD_MATCH = YES;
				COPY_PHASE_STRIP = NO;
				DEBUG_INFORMATION_FORMAT = "dwarf-with-dsym";
				ENABLE_NS_ASSERTIONS = NO;
				ENABLE_STRICT_OBJC_MSGSEND = YES;
				GCC_C_LANGUAGE_STANDARD = gnu11;
				GCC_NO_COMMON_BLOCKS = YES;
				GCC_WARN_64_TO_32_BIT_CONVERSION = YES;
				GCC_WARN_ABOUT_RETURN_TYPE = YES_ERROR;
				GCC_WARN_UNDECLARED_SELECTOR = YES;
				GCC_WARN_UNINITIALIZED_AUTOS = YES_AGGRESSIVE;
				GCC_WARN_UNUSED_FUNCTION = YES;
				GCC_WARN_UNUSED_VARIABLE = YES;
				IPHONEOS_DEPLOYMENT_TARGET = 16.4;
				MTL_ENABLE_DEBUG_INFO = NO;
				MTL_FAST_MATH = YES;
				SDKROOT = iphoneos;
				SWIFT_COMPILATION_MODE = wholemodule;
				SWIFT_OPTIMIZATION_LEVEL = "-O";
				VALIDATE_PRODUCT = YES;
			};
			name = Release;
		};
		6FFD5C8629F9275C00BD1567 /* Debug */ = {
			isa = XCBuildConfiguration;
			buildSettings = {
				ASSETCATALOG_COMPILER_APPICON_NAME = AppIcon;
				ASSETCATALOG_COMPILER_GLOBAL_ACCENT_COLOR_NAME = AccentColor;
				CODE_SIGN_STYLE = Automatic;
				CURRENT_PROJECT_VERSION = 1;
				DEVELOPMENT_ASSET_PATHS = "\"AIChatApp/Preview Content\"";
				ENABLE_PREVIEWS = YES;
				GENERATE_INFOPLIST_FILE = YES;
				INFOPLIST_KEY_CFBundleDisplayName = KissingCats;
				INFOPLIST_KEY_LSApplicationCategoryType = "public.app-category.social-networking";
				INFOPLIST_KEY_UIApplicationSceneManifest_Generation = YES;
				INFOPLIST_KEY_UIApplicationSupportsIndirectInputEvents = YES;
				INFOPLIST_KEY_UILaunchScreen_Generation = YES;
				INFOPLIST_KEY_UIStatusBarStyle = "";
				INFOPLIST_KEY_UISupportedInterfaceOrientations = UIInterfaceOrientationPortrait;
				INFOPLIST_KEY_UISupportedInterfaceOrientations_iPad = "UIInterfaceOrientationLandscapeLeft UIInterfaceOrientationLandscapeRight UIInterfaceOrientationPortrait UIInterfaceOrientationPortraitUpsideDown";
				LD_RUNPATH_SEARCH_PATHS = (
					"$(inherited)",
					"@executable_path/Frameworks",
				);
				MARKETING_VERSION = 1.0;
				PRODUCT_BUNDLE_IDENTIFIER = TongTestOne.AIChatApp;
				PRODUCT_NAME = "$(TARGET_NAME)";
				SWIFT_EMIT_LOC_STRINGS = YES;
				SWIFT_VERSION = 5.0;
				TARGETED_DEVICE_FAMILY = "1,2";
			};
			name = Debug;
		};
		6FFD5C8729F9275C00BD1567 /* Release */ = {
			isa = XCBuildConfiguration;
			buildSettings = {
				ASSETCATALOG_COMPILER_APPICON_NAME = AppIcon;
				ASSETCATALOG_COMPILER_GLOBAL_ACCENT_COLOR_NAME = AccentColor;
				CODE_SIGN_STYLE = Automatic;
				CURRENT_PROJECT_VERSION = 1;
				DEVELOPMENT_ASSET_PATHS = "\"AIChatApp/Preview Content\"";
				ENABLE_PREVIEWS = YES;
				GENERATE_INFOPLIST_FILE = YES;
				INFOPLIST_KEY_CFBundleDisplayName = KissingCats;
				INFOPLIST_KEY_LSApplicationCategoryType = "public.app-category.social-networking";
				INFOPLIST_KEY_UIApplicationSceneManifest_Generation = YES;
				INFOPLIST_KEY_UIApplicationSupportsIndirectInputEvents = YES;
				INFOPLIST_KEY_UILaunchScreen_Generation = YES;
				INFOPLIST_KEY_UIStatusBarStyle = "";
				INFOPLIST_KEY_UISupportedInterfaceOrientations = UIInterfaceOrientationPortrait;
				INFOPLIST_KEY_UISupportedInterfaceOrientations_iPad = "UIInterfaceOrientationLandscapeLeft UIInterfaceOrientationLandscapeRight UIInterfaceOrientationPortrait UIInterfaceOrientationPortraitUpsideDown";
				LD_RUNPATH_SEARCH_PATHS = (
					"$(inherited)",
					"@executable_path/Frameworks",
				);
				MARKETING_VERSION = 1.0;
				PRODUCT_BUNDLE_IDENTIFIER = TongTestOne.AIChatApp;
				PRODUCT_NAME = "$(TARGET_NAME)";
				SWIFT_EMIT_LOC_STRINGS = YES;
				SWIFT_VERSION = 5.0;
				TARGETED_DEVICE_FAMILY = "1,2";
			};
			name = Release;
		};
/* End XCBuildConfiguration section */

/* Begin XCConfigurationList section */
		6FFD5C7229F9275900BD1567 /* Build configuration list for PBXProject "AIChatApp" */ = {
			isa = XCConfigurationList;
			buildConfigurations = (
				6FFD5C8329F9275C00BD1567 /* Debug */,
				6FFD5C8429F9275C00BD1567 /* Release */,
			);
			defaultConfigurationIsVisible = 0;
			defaultConfigurationName = Release;
		};
		6FFD5C8529F9275C00BD1567 /* Build configuration list for PBXNativeTarget "AIChatApp" */ = {
			isa = XCConfigurationList;
			buildConfigurations = (
				6FFD5C8629F9275C00BD1567 /* Debug */,
				6FFD5C8729F9275C00BD1567 /* Release */,
			);
			defaultConfigurationIsVisible = 0;
			defaultConfigurationName = Release;
		};
/* End XCConfigurationList section */

/* Begin XCRemoteSwiftPackageReference section */
		6F6B939329F92C1C00DFAA9B /* XCRemoteSwiftPackageReference "Alamofire" */ = {
			isa = XCRemoteSwiftPackageReference;
			repositoryURL = "https://github.com/Alamofire/Alamofire.git";
			requirement = {
				kind = upToNextMajorVersion;
				minimumVersion = 5.0.0;
			};
		};
/* End XCRemoteSwiftPackageReference section */

/* Begin XCSwiftPackageProductDependency section */
		6F6B939429F92C1C00DFAA9B /* Alamofire */ = {
			isa = XCSwiftPackageProductDependency;
			package = 6F6B939329F92C1C00DFAA9B /* XCRemoteSwiftPackageReference "Alamofire" */;
			productName = Alamofire;
		};
/* End XCSwiftPackageProductDependency section */
	};
	rootObject = 6FFD5C6F29F9275900BD1567 /* Project object */;
}
